
Microsoft Visual Studio Solution File, Format Version 12.00
# Visual Studio Version 17
VisualStudioVersion = 17.6.33723.286
MinimumVisualStudioVersion = 10.0.40219.1
Project("{9A19103F-16F7-4668-BE54-9A1E7A4F7556}") = "MGroup.AISolve.Core", "src\MGroup.AISolve.Core.csproj", "{566C04CE-B32F-4C19-9E5D-2AF9B4462093}"
EndProject
Project("{2150E333-8FDC-42A3-9474-1A3956D46DE8}") = "src", "src", "{32B5BBBA-899D-4861-A893-CF45A9E33430}"
EndProject
Global
	GlobalSection(SolutionConfigurationPlatforms) = preSolution
		Debug|Any CPU = Debug|Any CPU
		Release|Any CPU = Release|Any CPU
	EndGlobalSection
	GlobalSection(ProjectConfigurationPlatforms) = postSolution
		{566C04CE-B32F-4C19-9E5D-2AF9B4462093}.Debug|Any CPU.ActiveCfg = Debug|Any CPU
		{566C04CE-B32F-4C19-9E5D-2AF9B4462093}.Debug|Any CPU.Build.0 = Debug|Any CPU
		{566C04CE-B32F-4C19-9E5D-2AF9B4462093}.Release|Any CPU.ActiveCfg = Release|Any CPU
		{566C04CE-B32F-4C19-9E5D-2AF9B4462093}.Release|Any CPU.Build.0 = Release|Any CPU
	EndGlobalSection
	GlobalSection(SolutionProperties) = preSolution
		HideSolutionNode = FALSE
	EndGlobalSection
	GlobalSection(NestedProjects) = preSolution
		{566C04CE-B32F-4C19-9E5D-2AF9B4462093} = {32B5BBBA-899D-4861-A893-CF45A9E33430}
	EndGlobalSection
	GlobalSection(ExtensibilityGlobals) = postSolution
		SolutionGuid = {F6227F68-1D3E-439A-8B1A-E56E840A3F11}
	EndGlobalSection
EndGlobal
